
Microsoft Visual Studio Solution File, Format Version 12.00
# Visual Studio Version 17
VisualStudioVersion = 17.11.35431.28
MinimumVisualStudioVersion = 10.0.40219.1
Project("{9A19103F-16F7-4668-BE54-9A1E7A4F7556}") = "MoneyTrack", "MoneyTrack\MoneyTrack.csproj", "{17EB28B6-8E24-435F-9BBA-50750889BD14}"
EndProject
Global
	GlobalSection(SolutionConfigurationPlatforms) = preSolution
		Debug|Any CPU = Debug|Any CPU
		Release|Any CPU = Release|Any CPU
	EndGlobalSection
	GlobalSection(ProjectConfigurationPlatforms) = postSolution
		{17EB28B6-8E24-435F-9BBA-50750889BD14}.Debug|Any CPU.ActiveCfg = Debug|Any CPU
		{17EB28B6-8E24-435F-9BBA-50750889BD14}.Debug|Any CPU.Build.0 = Debug|Any CPU
		{17EB28B6-8E24-435F-9BBA-50750889BD14}.Debug|Any CPU.Deploy.0 = Debug|Any CPU
		{17EB28B6-8E24-435F-9BBA-50750889BD14}.Release|Any CPU.ActiveCfg = Release|Any CPU
		{17EB28B6-8E24-435F-9BBA-50750889BD14}.Release|Any CPU.Build.0 = Release|Any CPU
		{17EB28B6-8E24-435F-9BBA-50750889BD14}.Release|Any CPU.Deploy.0 = Release|Any CPU
	EndGlobalSection
	GlobalSection(SolutionProperties) = preSolution
		HideSolutionNode = FALSE
	EndGlobalSection
	GlobalSection(ExtensibilityGlobals) = postSolution
		SolutionGuid = {5102F3CF-B799-40F2-904A-711A5559B4F1}
	EndGlobalSection
EndGlobal
